
Microsoft Visual Studio Solution File, Format Version 12.00
# Visual Studio Version 16
VisualStudioVersion = 16.0.29418.71
MinimumVisualStudioVersion = 10.0.40219.1
Project("{FAE04EC0-301F-11D3-BF4B-00C04F79EFBC}") = "Degiskenler_", "Degiskenler_\Degiskenler_.csproj", "{B5C5036E-74B2-4C94-BBD2-94F82BF2B8B5}"
EndProject
Global
	GlobalSection(SolutionConfigurationPlatforms) = preSolution
		Debug|Any CPU = Debug|Any CPU
		Release|Any CPU = Release|Any CPU
	EndGlobalSection
	GlobalSection(ProjectConfigurationPlatforms) = postSolution
		{B5C5036E-74B2-4C94-BBD2-94F82BF2B8B5}.Debug|Any CPU.ActiveCfg = Debug|Any CPU
		{B5C5036E-74B2-4C94-BBD2-94F82BF2B8B5}.Debug|Any CPU.Build.0 = Debug|Any CPU
		{B5C5036E-74B2-4C94-BBD2-94F82BF2B8B5}.Release|Any CPU.ActiveCfg = Release|Any CPU
		{B5C5036E-74B2-4C94-BBD2-94F82BF2B8B5}.Release|Any CPU.Build.0 = Release|Any CPU
	EndGlobalSection
	GlobalSection(SolutionProperties) = preSolution
		HideSolutionNode = FALSE
	EndGlobalSection
	GlobalSection(ExtensibilityGlobals) = postSolution
		SolutionGuid = {1E0DC07D-B09B-4878-B0E7-E8DCE4C84ACA}
	EndGlobalSection
EndGlobal
